
Microsoft Visual Studio Solution File, Format Version 12.00
# Visual Studio Version 17
VisualStudioVersion = 17.6.33712.159
MinimumVisualStudioVersion = 10.0.40219.1
Project("{FAE04EC0-301F-11D3-BF4B-00C04F79EFBC}") = "lab07_210042111", "lab07_210042111.csproj", "{2FC30AFC-D7C2-44E1-BFD5-D998CE2564A4}"
EndProject
Global
	GlobalSection(SolutionConfigurationPlatforms) = preSolution
		Debug|Any CPU = Debug|Any CPU
		Release|Any CPU = Release|Any CPU
	EndGlobalSection
	GlobalSection(ProjectConfigurationPlatforms) = postSolution
		{2FC30AFC-D7C2-44E1-BFD5-D998CE2564A4}.Debug|Any CPU.ActiveCfg = Debug|Any CPU
		{2FC30AFC-D7C2-44E1-BFD5-D998CE2564A4}.Debug|Any CPU.Build.0 = Debug|Any CPU
		{2FC30AFC-D7C2-44E1-BFD5-D998CE2564A4}.Release|Any CPU.ActiveCfg = Release|Any CPU
		{2FC30AFC-D7C2-44E1-BFD5-D998CE2564A4}.Release|Any CPU.Build.0 = Release|Any CPU
	EndGlobalSection
	GlobalSection(SolutionProperties) = preSolution
		HideSolutionNode = FALSE
	EndGlobalSection
	GlobalSection(ExtensibilityGlobals) = postSolution
		SolutionGuid = {B38AFB0E-D8CD-48C8-876C-CFC0A85D4BB4}
	EndGlobalSection
EndGlobal
