
Microsoft Visual Studio Solution File, Format Version 12.00
# Visual Studio Version 17
VisualStudioVersion = 17.6.33712.159
MinimumVisualStudioVersion = 10.0.40219.1
Project("{FAE04EC0-301F-11D3-BF4B-00C04F79EFBC}") = "lab08_210042111", "lab08_210042111.csproj", "{496F55D2-333F-4DA0-86A2-D94A9EDBE613}"
EndProject
Global
	GlobalSection(SolutionConfigurationPlatforms) = preSolution
		Debug|Any CPU = Debug|Any CPU
		Release|Any CPU = Release|Any CPU
	EndGlobalSection
	GlobalSection(ProjectConfigurationPlatforms) = postSolution
		{496F55D2-333F-4DA0-86A2-D94A9EDBE613}.Debug|Any CPU.ActiveCfg = Debug|Any CPU
		{496F55D2-333F-4DA0-86A2-D94A9EDBE613}.Debug|Any CPU.Build.0 = Debug|Any CPU
		{496F55D2-333F-4DA0-86A2-D94A9EDBE613}.Release|Any CPU.ActiveCfg = Release|Any CPU
		{496F55D2-333F-4DA0-86A2-D94A9EDBE613}.Release|Any CPU.Build.0 = Release|Any CPU
	EndGlobalSection
	GlobalSection(SolutionProperties) = preSolution
		HideSolutionNode = FALSE
	EndGlobalSection
	GlobalSection(ExtensibilityGlobals) = postSolution
		SolutionGuid = {A4205D67-CB3B-431B-9061-2A787BCEB527}
	EndGlobalSection
EndGlobal
